
Microsoft Visual Studio Solution File, Format Version 12.00
# Visual Studio Version 17
VisualStudioVersion = 17.10.35013.160
MinimumVisualStudioVersion = 10.0.40219.1
Project("{FAE04EC0-301F-11D3-BF4B-00C04F79EFBC}") = "Admin_Page", "Admin_Page\Admin_Page.csproj", "{A2028971-B7B2-47D7-9EB0-B6CA0ABA28E4}"
EndProject
Global
	GlobalSection(SolutionConfigurationPlatforms) = preSolution
		Debug|Any CPU = Debug|Any CPU
		Release|Any CPU = Release|Any CPU
	EndGlobalSection
	GlobalSection(ProjectConfigurationPlatforms) = postSolution
		{A2028971-B7B2-47D7-9EB0-B6CA0ABA28E4}.Debug|Any CPU.ActiveCfg = Debug|Any CPU
		{A2028971-B7B2-47D7-9EB0-B6CA0ABA28E4}.Debug|Any CPU.Build.0 = Debug|Any CPU
		{A2028971-B7B2-47D7-9EB0-B6CA0ABA28E4}.Release|Any CPU.ActiveCfg = Release|Any CPU
		{A2028971-B7B2-47D7-9EB0-B6CA0ABA28E4}.Release|Any CPU.Build.0 = Release|Any CPU
	EndGlobalSection
	GlobalSection(SolutionProperties) = preSolution
		HideSolutionNode = FALSE
	EndGlobalSection
	GlobalSection(ExtensibilityGlobals) = postSolution
		SolutionGuid = {8AC583B0-AA4F-4E2B-B75A-AF870864BFEE}
	EndGlobalSection
EndGlobal
